// !$*UTF8*$!
{
	archiveVersion = 1;
	classes = {
	};
	objectVersion = 50;
	objects = {

/* Begin PBXBuildFile section */
		B5EB3E24222CD22E00B665AF /* AppDelegate.swift in Sources */ = {isa = PBXBuildFile; fileRef = B5EB3E23222CD22E00B665AF /* AppDelegate.swift */; };
		B5EB3E2C222CD22E00B665AF /* eggplant_brownie.xcdatamodeld in Sources */ = {isa = PBXBuildFile; fileRef = B5EB3E2A222CD22E00B665AF /* eggplant_brownie.xcdatamodeld */; };
		B5EB3E2E222CD23000B665AF /* Assets.xcassets in Resources */ = {isa = PBXBuildFile; fileRef = B5EB3E2D222CD23000B665AF /* Assets.xcassets */; };
		B5EB3E31222CD23000B665AF /* LaunchScreen.storyboard in Resources */ = {isa = PBXBuildFile; fileRef = B5EB3E2F222CD23000B665AF /* LaunchScreen.storyboard */; };
		B5EB3E3C222CD23000B665AF /* eggplant_brownieTests.swift in Sources */ = {isa = PBXBuildFile; fileRef = B5EB3E3B222CD23000B665AF /* eggplant_brownieTests.swift */; };
		B5EB3E47222CD23000B665AF /* eggplant_brownieUITests.swift in Sources */ = {isa = PBXBuildFile; fileRef = B5EB3E46222CD23000B665AF /* eggplant_brownieUITests.swift */; };
		B5EB3E5B222CD70200B665AF /* meal.swift in Sources */ = {isa = PBXBuildFile; fileRef = B5EB3E5A222CD70200B665AF /* meal.swift */; };
		B5EB3E5D222CD7C600B665AF /* item.swift in Sources */ = {isa = PBXBuildFile; fileRef = B5EB3E5C222CD7C600B665AF /* item.swift */; };
		B5EB3E5F222CD8C900B665AF /* ViewController.swift in Sources */ = {isa = PBXBuildFile; fileRef = B5EB3E5E222CD8C900B665AF /* ViewController.swift */; };
		B5EB3E61222CD91200B665AF /* Main.storyboard in Resources */ = {isa = PBXBuildFile; fileRef = B5EB3E60222CD91200B665AF /* Main.storyboard */; };
		B5EB3E63222D6D8300B665AF /* MealsTableViewController.swift in Sources */ = {isa = PBXBuildFile; fileRef = B5EB3E62222D6D8300B665AF /* MealsTableViewController.swift */; };
		B5EB3E65222E2E1F00B665AF /* AddMealDelegate.swift in Sources */ = {isa = PBXBuildFile; fileRef = B5EB3E64222E2E1F00B665AF /* AddMealDelegate.swift */; };
		B5EB3E69222EDA1F00B665AF /* NewItemViewController.xib in Resources */ = {isa = PBXBuildFile; fileRef = B5EB3E67222EDA1F00B665AF /* NewItemViewController.xib */; };
		B5EB3E6B222EDA4000B665AF /* NewItemViewController.swift in Sources */ = {isa = PBXBuildFile; fileRef = B5EB3E6A222EDA3F00B665AF /* NewItemViewController.swift */; };
		B5EB3E6D222EE42800B665AF /* AddAnItemDelegate.swift in Sources */ = {isa = PBXBuildFile; fileRef = B5EB3E6C222EE42800B665AF /* AddAnItemDelegate.swift */; };
/* End PBXBuildFile section */

/* Begin PBXContainerItemProxy section */
		B5EB3E38222CD23000B665AF /* PBXContainerItemProxy */ = {
			isa = PBXContainerItemProxy;
			containerPortal = B5EB3E18222CD22E00B665AF /* Project object */;
			proxyType = 1;
			remoteGlobalIDString = B5EB3E1F222CD22E00B665AF;
			remoteInfo = "eggplant-brownie";
		};
		B5EB3E43222CD23000B665AF /* PBXContainerItemProxy */ = {
			isa = PBXContainerItemProxy;
			containerPortal = B5EB3E18222CD22E00B665AF /* Project object */;
			proxyType = 1;
			remoteGlobalIDString = B5EB3E1F222CD22E00B665AF;
			remoteInfo = "eggplant-brownie";
		};
/* End PBXContainerItemProxy section */

/* Begin PBXFileReference section */
		B5EB3E20222CD22E00B665AF /* eggplant-brownie.app */ = {isa = PBXFileReference; explicitFileType = wrapper.application; includeInIndex = 0; path = "eggplant-brownie.app"; sourceTree = BUILT_PRODUCTS_DIR; };
		B5EB3E23222CD22E00B665AF /* AppDelegate.swift */ = {isa = PBXFileReference; lastKnownFileType = sourcecode.swift; path = AppDelegate.swift; sourceTree = "<group>"; };
		B5EB3E2B222CD22E00B665AF /* eggplant_brownie.xcdatamodel */ = {isa = PBXFileReference; lastKnownFileType = wrapper.xcdatamodel; path = eggplant_brownie.xcdatamodel; sourceTree = "<group>"; };
		B5EB3E2D222CD23000B665AF /* Assets.xcassets */ = {isa = PBXFileReference; lastKnownFileType = folder.assetcatalog; path = Assets.xcassets; sourceTree = "<group>"; };
		B5EB3E30222CD23000B665AF /* Base */ = {isa = PBXFileReference; lastKnownFileType = file.storyboard; name = Base; path = Base.lproj/LaunchScreen.storyboard; sourceTree = "<group>"; };
		B5EB3E32222CD23000B665AF /* Info.plist */ = {isa = PBXFileReference; lastKnownFileType = text.plist.xml; path = Info.plist; sourceTree = "<group>"; };
		B5EB3E37222CD23000B665AF /* eggplant-brownieTests.xctest */ = {isa = PBXFileReference; explicitFileType = wrapper.cfbundle; includeInIndex = 0; path = "eggplant-brownieTests.xctest"; sourceTree = BUILT_PRODUCTS_DIR; };
		B5EB3E3B222CD23000B665AF /* eggplant_brownieTests.swift */ = {isa = PBXFileReference; lastKnownFileType = sourcecode.swift; path = eggplant_brownieTests.swift; sourceTree = "<group>"; };
		B5EB3E3D222CD23000B665AF /* Info.plist */ = {isa = PBXFileReference; lastKnownFileType = text.plist.xml; path = Info.plist; sourceTree = "<group>"; };
		B5EB3E42222CD23000B665AF /* eggplant-brownieUITests.xctest */ = {isa = PBXFileReference; explicitFileType = wrapper.cfbundle; includeInIndex = 0; path = "eggplant-brownieUITests.xctest"; sourceTree = BUILT_PRODUCTS_DIR; };
		B5EB3E46222CD23000B665AF /* eggplant_brownieUITests.swift */ = {isa = PBXFileReference; lastKnownFileType = sourcecode.swift; path = eggplant_brownieUITests.swift; sourceTree = "<group>"; };
		B5EB3E48222CD23000B665AF /* Info.plist */ = {isa = PBXFileReference; lastKnownFileType = text.plist.xml; path = Info.plist; sourceTree = "<group>"; };
		B5EB3E5A222CD70200B665AF /* meal.swift */ = {isa = PBXFileReference; lastKnownFileType = sourcecode.swift; path = meal.swift; sourceTree = "<group>"; };
		B5EB3E5C222CD7C600B665AF /* item.swift */ = {isa = PBXFileReference; lastKnownFileType = sourcecode.swift; path = item.swift; sourceTree = "<group>"; };
		B5EB3E5E222CD8C900B665AF /* ViewController.swift */ = {isa = PBXFileReference; fileEncoding = 4; lastKnownFileType = sourcecode.swift; path = ViewController.swift; sourceTree = "<group>"; };
		B5EB3E60222CD91200B665AF /* Main.storyboard */ = {isa = PBXFileReference; fileEncoding = 4; lastKnownFileType = file.storyboard; path = Main.storyboard; sourceTree = "<group>"; };
		B5EB3E62222D6D8300B665AF /* MealsTableViewController.swift */ = {isa = PBXFileReference; lastKnownFileType = sourcecode.swift; path = MealsTableViewController.swift; sourceTree = "<group>"; };
		B5EB3E64222E2E1F00B665AF /* AddMealDelegate.swift */ = {isa = PBXFileReference; lastKnownFileType = sourcecode.swift; path = AddMealDelegate.swift; sourceTree = "<group>"; };
		B5EB3E67222EDA1F00B665AF /* NewItemViewController.xib */ = {isa = PBXFileReference; lastKnownFileType = file.xib; path = NewItemViewController.xib; sourceTree = "<group>"; };
		B5EB3E6A222EDA3F00B665AF /* NewItemViewController.swift */ = {isa = PBXFileReference; fileEncoding = 4; lastKnownFileType = sourcecode.swift; path = NewItemViewController.swift; sourceTree = "<group>"; };
		B5EB3E6C222EE42800B665AF /* AddAnItemDelegate.swift */ = {isa = PBXFileReference; lastKnownFileType = sourcecode.swift; path = AddAnItemDelegate.swift; sourceTree = "<group>"; };
/* End PBXFileReference section */

/* Begin PBXFrameworksBuildPhase section */
		B5EB3E1D222CD22E00B665AF /* Frameworks */ = {
			isa = PBXFrameworksBuildPhase;
			buildActionMask = 2147483647;
			files = (
			);
			runOnlyForDeploymentPostprocessing = 0;
		};
		B5EB3E34222CD23000B665AF /* Frameworks */ = {
			isa = PBXFrameworksBuildPhase;
			buildActionMask = 2147483647;
			files = (
			);
			runOnlyForDeploymentPostprocessing = 0;
		};
		B5EB3E3F222CD23000B665AF /* Frameworks */ = {
			isa = PBXFrameworksBuildPhase;
			buildActionMask = 2147483647;
			files = (
			);
			runOnlyForDeploymentPostprocessing = 0;
		};
/* End PBXFrameworksBuildPhase section */

/* Begin PBXGroup section */
		B5EB3E17222CD22E00B665AF = {
			isa = PBXGroup;
			children = (
				B5EB3E22222CD22E00B665AF /* eggplant-brownie */,
				B5EB3E3A222CD23000B665AF /* eggplant-brownieTests */,
				B5EB3E45222CD23000B665AF /* eggplant-brownieUITests */,
				B5EB3E21222CD22E00B665AF /* Products */,
			);
			sourceTree = "<group>";
		};
		B5EB3E21222CD22E00B665AF /* Products */ = {
			isa = PBXGroup;
			children = (
				B5EB3E20222CD22E00B665AF /* eggplant-brownie.app */,
				B5EB3E37222CD23000B665AF /* eggplant-brownieTests.xctest */,
				B5EB3E42222CD23000B665AF /* eggplant-brownieUITests.xctest */,
			);
			name = Products;
			sourceTree = "<group>";
		};
		B5EB3E22222CD22E00B665AF /* eggplant-brownie */ = {
			isa = PBXGroup;
			children = (
				B5EB3E56222CD67D00B665AF /* models */,
				B5EB3E57222CD6A700B665AF /* viewController */,
				B5EB3E59222CD6CD00B665AF /* view */,
				B5EB3E23222CD22E00B665AF /* AppDelegate.swift */,
				B5EB3E2D222CD23000B665AF /* Assets.xcassets */,
				B5EB3E2F222CD23000B665AF /* LaunchScreen.storyboard */,
				B5EB3E32222CD23000B665AF /* Info.plist */,
				B5EB3E2A222CD22E00B665AF /* eggplant_brownie.xcdatamodeld */,
			);
			path = "eggplant-brownie";
			sourceTree = "<group>";
		};
		B5EB3E3A222CD23000B665AF /* eggplant-brownieTests */ = {
			isa = PBXGroup;
			children = (
				B5EB3E3B222CD23000B665AF /* eggplant_brownieTests.swift */,
				B5EB3E3D222CD23000B665AF /* Info.plist */,
			);
			path = "eggplant-brownieTests";
			sourceTree = "<group>";
		};
		B5EB3E45222CD23000B665AF /* eggplant-brownieUITests */ = {
			isa = PBXGroup;
			children = (
				B5EB3E46222CD23000B665AF /* eggplant_brownieUITests.swift */,
				B5EB3E48222CD23000B665AF /* Info.plist */,
			);
			path = "eggplant-brownieUITests";
			sourceTree = "<group>";
		};
		B5EB3E56222CD67D00B665AF /* models */ = {
			isa = PBXGroup;
			children = (
				B5EB3E5A222CD70200B665AF /* meal.swift */,
				B5EB3E5C222CD7C600B665AF /* item.swift */,
			);
			path = models;
			sourceTree = "<group>";
		};
		B5EB3E57222CD6A700B665AF /* viewController */ = {
			isa = PBXGroup;
			children = (
				B5EB3E6A222EDA3F00B665AF /* NewItemViewController.swift */,
				B5EB3E5E222CD8C900B665AF /* ViewController.swift */,
				B5EB3E62222D6D8300B665AF /* MealsTableViewController.swift */,
				B5EB3E64222E2E1F00B665AF /* AddMealDelegate.swift */,
				B5EB3E6C222EE42800B665AF /* AddAnItemDelegate.swift */,
			);
			path = viewController;
			sourceTree = "<group>";
		};
		B5EB3E59222CD6CD00B665AF /* view */ = {
			isa = PBXGroup;
			children = (
				B5EB3E60222CD91200B665AF /* Main.storyboard */,
				B5EB3E67222EDA1F00B665AF /* NewItemViewController.xib */,
			);
			path = view;
			sourceTree = "<group>";
		};
/* End PBXGroup section */

/* Begin PBXNativeTarget section */
		B5EB3E1F222CD22E00B665AF /* eggplant-brownie */ = {
			isa = PBXNativeTarget;
			buildConfigurationList = B5EB3E4B222CD23000B665AF /* Build configuration list for PBXNativeTarget "eggplant-brownie" */;
			buildPhases = (
				B5EB3E1C222CD22E00B665AF /* Sources */,
				B5EB3E1D222CD22E00B665AF /* Frameworks */,
				B5EB3E1E222CD22E00B665AF /* Resources */,
			);
			buildRules = (
			);
			dependencies = (
			);
			name = "eggplant-brownie";
			productName = "eggplant-brownie";
			productReference = B5EB3E20222CD22E00B665AF /* eggplant-brownie.app */;
			productType = "com.apple.product-type.application";
		};
		B5EB3E36222CD23000B665AF /* eggplant-brownieTests */ = {
			isa = PBXNativeTarget;
			buildConfigurationList = B5EB3E4E222CD23000B665AF /* Build configuration list for PBXNativeTarget "eggplant-brownieTests" */;
			buildPhases = (
				B5EB3E33222CD23000B665AF /* Sources */,
				B5EB3E34222CD23000B665AF /* Frameworks */,
				B5EB3E35222CD23000B665AF /* Resources */,
			);
			buildRules = (
			);
			dependencies = (
				B5EB3E39222CD23000B665AF /* PBXTargetDependency */,
			);
			name = "eggplant-brownieTests";
			productName = "eggplant-brownieTests";
			productReference = B5EB3E37222CD23000B665AF /* eggplant-brownieTests.xctest */;
			productType = "com.apple.product-type.bundle.unit-test";
		};
		B5EB3E41222CD23000B665AF /* eggplant-brownieUITests */ = {
			isa = PBXNativeTarget;
			buildConfigurationList = B5EB3E51222CD23000B665AF /* Build configuration list for PBXNativeTarget "eggplant-brownieUITests" */;
			buildPhases = (
				B5EB3E3E222CD23000B665AF /* Sources */,
				B5EB3E3F222CD23000B665AF /* Frameworks */,
				B5EB3E40222CD23000B665AF /* Resources */,
			);
			buildRules = (
			);
			dependencies = (
				B5EB3E44222CD23000B665AF /* PBXTargetDependency */,
			);
			name = "eggplant-brownieUITests";
			productName = "eggplant-brownieUITests";
			productReference = B5EB3E42222CD23000B665AF /* eggplant-brownieUITests.xctest */;
			productType = "com.apple.product-type.bundle.ui-testing";
		};
/* End PBXNativeTarget section */

/* Begin PBXProject section */
		B5EB3E18222CD22E00B665AF /* Project object */ = {
			isa = PBXProject;
			attributes = {
				LastSwiftUpdateCheck = 1010;
				LastUpgradeCheck = 1010;
				ORGANIZATIONNAME = "Patrick Souza";
				TargetAttributes = {
					B5EB3E1F222CD22E00B665AF = {
						CreatedOnToolsVersion = 10.1;
					};
					B5EB3E36222CD23000B665AF = {
						CreatedOnToolsVersion = 10.1;
						TestTargetID = B5EB3E1F222CD22E00B665AF;
					};
					B5EB3E41222CD23000B665AF = {
						CreatedOnToolsVersion = 10.1;
						TestTargetID = B5EB3E1F222CD22E00B665AF;
					};
				};
			};
			buildConfigurationList = B5EB3E1B222CD22E00B665AF /* Build configuration list for PBXProject "eggplant-brownie" */;
			compatibilityVersion = "Xcode 9.3";
			developmentRegion = en;
			hasScannedForEncodings = 0;
			knownRegions = (
				en,
				Base,
			);
			mainGroup = B5EB3E17222CD22E00B665AF;
			productRefGroup = B5EB3E21222CD22E00B665AF /* Products */;
			projectDirPath = "";
			projectRoot = "";
			targets = (
				B5EB3E1F222CD22E00B665AF /* eggplant-brownie */,
				B5EB3E36222CD23000B665AF /* eggplant-brownieTests */,
				B5EB3E41222CD23000B665AF /* eggplant-brownieUITests */,
			);
		};
/* End PBXProject section */

/* Begin PBXResourcesBuildPhase section */
		B5EB3E1E222CD22E00B665AF /* Resources */ = {
			isa = PBXResourcesBuildPhase;
			buildActionMask = 2147483647;
			files = (
				B5EB3E61222CD91200B665AF /* Main.storyboard in Resources */,
				B5EB3E31222CD23000B665AF /* LaunchScreen.storyboard in Resources */,
				B5EB3E69222EDA1F00B665AF /* NewItemViewController.xib in Resources */,
				B5EB3E2E222CD23000B665AF /* Assets.xcassets in Resources */,
			);
			runOnlyForDeploymentPostprocessing = 0;
		};
		B5EB3E35222CD23000B665AF /* Resources */ = {
			isa = PBXResourcesBuildPhase;
			buildActionMask = 2147483647;
			files = (
			);
			runOnlyForDeploymentPostprocessing = 0;
		};
		B5EB3E40222CD23000B665AF /* Resources */ = {
			isa = PBXResourcesBuildPhase;
			buildActionMask = 2147483647;
			files = (
			);
			runOnlyForDeploymentPostprocessing = 0;
		};
/* End PBXResourcesBuildPhase section */

/* Begin PBXSourcesBuildPhase section */
		B5EB3E1C222CD22E00B665AF /* Sources */ = {
			isa = PBXSourcesBuildPhase;
			buildActionMask = 2147483647;
			files = (
				B5EB3E5F222CD8C900B665AF /* ViewController.swift in Sources */,
				B5EB3E5B222CD70200B665AF /* meal.swift in Sources */,
				B5EB3E63222D6D8300B665AF /* MealsTableViewController.swift in Sources */,
				B5EB3E6D222EE42800B665AF /* AddAnItemDelegate.swift in Sources */,
				B5EB3E5D222CD7C600B665AF /* item.swift in Sources */,
				B5EB3E65222E2E1F00B665AF /* AddMealDelegate.swift in Sources */,
				B5EB3E2C222CD22E00B665AF /* eggplant_brownie.xcdatamodeld in Sources */,
				B5EB3E6B222EDA4000B665AF /* NewItemViewController.swift in Sources */,
				B5EB3E24222CD22E00B665AF /* AppDelegate.swift in Sources */,
			);
			runOnlyForDeploymentPostprocessing = 0;
		};
		B5EB3E33222CD23000B665AF /* Sources */ = {
			isa = PBXSourcesBuildPhase;
			buildActionMask = 2147483647;
			files = (
				B5EB3E3C222CD23000B665AF /* eggplant_brownieTests.swift in Sources */,
			);
			runOnlyForDeploymentPostprocessing = 0;
		};
		B5EB3E3E222CD23000B665AF /* Sources */ = {
			isa = PBXSourcesBuildPhase;
			buildActionMask = 2147483647;
			files = (
				B5EB3E47222CD23000B665AF /* eggplant_brownieUITests.swift in Sources */,
			);
			runOnlyForDeploymentPostprocessing = 0;
		};
/* End PBXSourcesBuildPhase section */

/* Begin PBXTargetDependency section */
		B5EB3E39222CD23000B665AF /* PBXTargetDependency */ = {
			isa = PBXTargetDependency;
			target = B5EB3E1F222CD22E00B665AF /* eggplant-brownie */;
			targetProxy = B5EB3E38222CD23000B665AF /* PBXContainerItemProxy */;
		};
		B5EB3E44222CD23000B665AF /* PBXTargetDependency */ = {
			isa = PBXTargetDependency;
			target = B5EB3E1F222CD22E00B665AF /* eggplant-brownie */;
			targetProxy = B5EB3E43222CD23000B665AF /* PBXContainerItemProxy */;
		};
/* End PBXTargetDependency section */

/* Begin PBXVariantGroup section */
		B5EB3E2F222CD23000B665AF /* LaunchScreen.storyboard */ = {
			isa = PBXVariantGroup;
			children = (
				B5EB3E30222CD23000B665AF /* Base */,
			);
			name = LaunchScreen.storyboard;
			sourceTree = "<group>";
		};
/* End PBXVariantGroup section */

/* Begin XCBuildConfiguration section */
		B5EB3E49222CD23000B665AF /* Debug */ = {
			isa = XCBuildConfiguration;
			buildSettings = {
				ALWAYS_SEARCH_USER_PATHS = NO;
				CLANG_ANALYZER_NONNULL = YES;
				CLANG_ANALYZER_NUMBER_OBJECT_CONVERSION = YES_AGGRESSIVE;
				CLANG_CXX_LANGUAGE_STANDARD = "gnu++14";
				CLANG_CXX_LIBRARY = "libc++";
				CLANG_ENABLE_MODULES = YES;
				CLANG_ENABLE_OBJC_ARC = YES;
				CLANG_ENABLE_OBJC_WEAK = YES;
				CLANG_WARN_BLOCK_CAPTURE_AUTORELEASING = YES;
				CLANG_WARN_BOOL_CONVERSION = YES;
				CLANG_WARN_COMMA = YES;
				CLANG_WARN_CONSTANT_CONVERSION = YES;
				CLANG_WARN_DEPRECATED_OBJC_IMPLEMENTATIONS = YES;
				CLANG_WARN_DIRECT_OBJC_ISA_USAGE = YES_ERROR;
				CLANG_WARN_DOCUMENTATION_COMMENTS = YES;
				CLANG_WARN_EMPTY_BODY = YES;
				CLANG_WARN_ENUM_CONVERSION = YES;
				CLANG_WARN_INFINITE_RECURSION = YES;
				CLANG_WARN_INT_CONVERSION = YES;
				CLANG_WARN_NON_LITERAL_NULL_CONVERSION = YES;
				CLANG_WARN_OBJC_IMPLICIT_RETAIN_SELF = YES;
				CLANG_WARN_OBJC_LITERAL_CONVERSION = YES;
				CLANG_WARN_OBJC_ROOT_CLASS = YES_ERROR;
				CLANG_WARN_RANGE_LOOP_ANALYSIS = YES;
				CLANG_WARN_STRICT_PROTOTYPES = YES;
				CLANG_WARN_SUSPICIOUS_MOVE = YES;
				CLANG_WARN_UNGUARDED_AVAILABILITY = YES_AGGRESSIVE;
				CLANG_WARN_UNREACHABLE_CODE = YES;
				CLANG_WARN__DUPLICATE_METHOD_MATCH = YES;
				CODE_SIGN_IDENTITY = "iPhone Developer";
				COPY_PHASE_STRIP = NO;
				DEBUG_INFORMATION_FORMAT = dwarf;
				ENABLE_STRICT_OBJC_MSGSEND = YES;
				ENABLE_TESTABILITY = YES;
				GCC_C_LANGUAGE_STANDARD = gnu11;
				GCC_DYNAMIC_NO_PIC = NO;
				GCC_NO_COMMON_BLOCKS = YES;
				GCC_OPTIMIZATION_LEVEL = 0;
				GCC_PREPROCESSOR_DEFINITIONS = (
					"DEBUG=1",
					"$(inherited)",
				);
				GCC_WARN_64_TO_32_BIT_CONVERSION = YES;
				GCC_WARN_ABOUT_RETURN_TYPE = YES_ERROR;
				GCC_WARN_UNDECLARED_SELECTOR = YES;
				GCC_WARN_UNINITIALIZED_AUTOS = YES_AGGRESSIVE;
				GCC_WARN_UNUSED_FUNCTION = YES;
				GCC_WARN_UNUSED_VARIABLE = YES;
				IPHONEOS_DEPLOYMENT_TARGET = 12.1;
				MTL_ENABLE_DEBUG_INFO = INCLUDE_SOURCE;
				MTL_FAST_MATH = YES;
				ONLY_ACTIVE_ARCH = YES;
				SDKROOT = iphoneos;
				SWIFT_ACTIVE_COMPILATION_CONDITIONS = DEBUG;
				SWIFT_OPTIMIZATION_LEVEL = "-Onone";
			};
			name = Debug;
		};
		B5EB3E4A222CD23000B665AF /* Release */ = {
			isa = XCBuildConfiguration;
			buildSettings = {
				ALWAYS_SEARCH_USER_PATHS = NO;
				CLANG_ANALYZER_NONNULL = YES;
				CLANG_ANALYZER_NUMBER_OBJECT_CONVERSION = YES_AGGRESSIVE;
				CLANG_CXX_LANGUAGE_STANDARD = "gnu++14";
				CLANG_CXX_LIBRARY = "libc++";
				CLANG_ENABLE_MODULES = YES;
				CLANG_ENABLE_OBJC_ARC = YES;
				CLANG_ENABLE_OBJC_WEAK = YES;
				CLANG_WARN_BLOCK_CAPTURE_AUTORELEASING = YES;
				CLANG_WARN_BOOL_CONVERSION = YES;
				CLANG_WARN_COMMA = YES;
				CLANG_WARN_CONSTANT_CONVERSION = YES;
				CLANG_WARN_DEPRECATED_OBJC_IMPLEMENTATIONS = YES;
				CLANG_WARN_DIRECT_OBJC_ISA_USAGE = YES_ERROR;
				CLANG_WARN_DOCUMENTATION_COMMENTS = YES;
				CLANG_WARN_EMPTY_BODY = YES;
				CLANG_WARN_ENUM_CONVERSION = YES;
				CLANG_WARN_INFINITE_RECURSION = YES;
				CLANG_WARN_INT_CONVERSION = YES;
				CLANG_WARN_NON_LITERAL_NULL_CONVERSION = YES;
				CLANG_WARN_OBJC_IMPLICIT_RETAIN_SELF = YES;
				CLANG_WARN_OBJC_LITERAL_CONVERSION = YES;
				CLANG_WARN_OBJC_ROOT_CLASS = YES_ERROR;
				CLANG_WARN_RANGE_LOOP_ANALYSIS = YES;
				CLANG_WARN_STRICT_PROTOTYPES = YES;
				CLANG_WARN_SUSPICIOUS_MOVE = YES;
				CLANG_WARN_UNGUARDED_AVAILABILITY = YES_AGGRESSIVE;
				CLANG_WARN_UNREACHABLE_CODE = YES;
				CLANG_WARN__DUPLICATE_METHOD_MATCH = YES;
				CODE_SIGN_IDENTITY = "iPhone Developer";
				COPY_PHASE_STRIP = NO;
				DEBUG_INFORMATION_FORMAT = "dwarf-with-dsym";
				ENABLE_NS_ASSERTIONS = NO;
				ENABLE_STRICT_OBJC_MSGSEND = YES;
				GCC_C_LANGUAGE_STANDARD = gnu11;
				GCC_NO_COMMON_BLOCKS = YES;
				GCC_WARN_64_TO_32_BIT_CONVERSION = YES;
				GCC_WARN_ABOUT_RETURN_TYPE = YES_ERROR;
				GCC_WARN_UNDECLARED_SELECTOR = YES;
				GCC_WARN_UNINITIALIZED_AUTOS = YES_AGGRESSIVE;
				GCC_WARN_UNUSED_FUNCTION = YES;
				GCC_WARN_UNUSED_VARIABLE = YES;
				IPHONEOS_DEPLOYMENT_TARGET = 12.1;
				MTL_ENABLE_DEBUG_INFO = NO;
				MTL_FAST_MATH = YES;
				SDKROOT = iphoneos;
				SWIFT_COMPILATION_MODE = wholemodule;
				SWIFT_OPTIMIZATION_LEVEL = "-O";
				VALIDATE_PRODUCT = YES;
			};
			name = Release;
		};
		B5EB3E4C222CD23000B665AF /* Debug */ = {
			isa = XCBuildConfiguration;
			buildSettings = {
				ASSETCATALOG_COMPILER_APPICON_NAME = AppIcon;
				CODE_SIGN_STYLE = Automatic;
				DEVELOPMENT_TEAM = J7298Z7DQR;
				INFOPLIST_FILE = "eggplant-brownie/Info.plist";
				IPHONEOS_DEPLOYMENT_TARGET = 12.1;
				LD_RUNPATH_SEARCH_PATHS = (
					"$(inherited)",
					"@executable_path/Frameworks",
				);
				PRODUCT_BUNDLE_IDENTIFIER = "br.com.patricksouza.eggplant-brownie";
				PRODUCT_NAME = "$(TARGET_NAME)";
				SWIFT_VERSION = 4.2;
				TARGETED_DEVICE_FAMILY = 1;
			};
			name = Debug;
		};
		B5EB3E4D222CD23000B665AF /* Release */ = {
			isa = XCBuildConfiguration;
			buildSettings = {
				ASSETCATALOG_COMPILER_APPICON_NAME = AppIcon;
				CODE_SIGN_STYLE = Automatic;
				DEVELOPMENT_TEAM = J7298Z7DQR;
				INFOPLIST_FILE = "eggplant-brownie/Info.plist";
				IPHONEOS_DEPLOYMENT_TARGET = 12.1;
				LD_RUNPATH_SEARCH_PATHS = (
					"$(inherited)",
					"@executable_path/Frameworks",
				);
				PRODUCT_BUNDLE_IDENTIFIER = "br.com.patricksouza.eggplant-brownie";
				PRODUCT_NAME = "$(TARGET_NAME)";
				SWIFT_VERSION = 4.2;
				TARGETED_DEVICE_FAMILY = 1;
			};
			name = Release;
		};
		B5EB3E4F222CD23000B665AF /* Debug */ = {
			isa = XCBuildConfiguration;
			buildSettings = {
				ALWAYS_EMBED_SWIFT_STANDARD_LIBRARIES = YES;
				BUNDLE_LOADER = "$(TEST_HOST)";
				CODE_SIGN_STYLE = Automatic;
				DEVELOPMENT_TEAM = J7298Z7DQR;
				INFOPLIST_FILE = "eggplant-brownieTests/Info.plist";
				LD_RUNPATH_SEARCH_PATHS = (
					"$(inherited)",
					"@executable_path/Frameworks",
					"@loader_path/Frameworks",
				);
				PRODUCT_BUNDLE_IDENTIFIER = "br.com.patricksouza.eggplant-brownieTests";
				PRODUCT_NAME = "$(TARGET_NAME)";
				SWIFT_VERSION = 4.2;
				TARGETED_DEVICE_FAMILY = "1,2";
				TEST_HOST = "$(BUILT_PRODUCTS_DIR)/eggplant-brownie.app/eggplant-brownie";
			};
			name = Debug;
		};
		B5EB3E50222CD23000B665AF /* Release */ = {
			isa = XCBuildConfiguration;
			buildSettings = {
				ALWAYS_EMBED_SWIFT_STANDARD_LIBRARIES = YES;
				BUNDLE_LOADER = "$(TEST_HOST)";
				CODE_SIGN_STYLE = Automatic;
				DEVELOPMENT_TEAM = J7298Z7DQR;
				INFOPLIST_FILE = "eggplant-brownieTests/Info.plist";
				LD_RUNPATH_SEARCH_PATHS = (
					"$(inherited)",
					"@executable_path/Frameworks",
					"@loader_path/Frameworks",
				);
				PRODUCT_BUNDLE_IDENTIFIER = "br.com.patricksouza.eggplant-brownieTests";
				PRODUCT_NAME = "$(TARGET_NAME)";
				SWIFT_VERSION = 4.2;
				TARGETED_DEVICE_FAMILY = "1,2";
				TEST_HOST = "$(BUILT_PRODUCTS_DIR)/eggplant-brownie.app/eggplant-brownie";
			};
			name = Release;
		};
		B5EB3E52222CD23000B665AF /* Debug */ = {
			isa = XCBuildConfiguration;
			buildSettings = {
				ALWAYS_EMBED_SWIFT_STANDARD_LIBRARIES = YES;
				CODE_SIGN_STYLE = Automatic;
				DEVELOPMENT_TEAM = J7298Z7DQR;
				INFOPLIST_FILE = "eggplant-brownieUITests/Info.plist";
				LD_RUNPATH_SEARCH_PATHS = (
					"$(inherited)",
					"@executable_path/Frameworks",
					"@loader_path/Frameworks",
				);
				PRODUCT_BUNDLE_IDENTIFIER = "br.com.patricksouza.eggplant-brownieUITests";
				PRODUCT_NAME = "$(TARGET_NAME)";
				SWIFT_VERSION = 4.2;
				TARGETED_DEVICE_FAMILY = "1,2";
				TEST_TARGET_NAME = "eggplant-brownie";
			};
			name = Debug;
		};
		B5EB3E53222CD23000B665AF /* Release */ = {
			isa = XCBuildConfiguration;
			buildSettings = {
				ALWAYS_EMBED_SWIFT_STANDARD_LIBRARIES = YES;
				CODE_SIGN_STYLE = Automatic;
				DEVELOPMENT_TEAM = J7298Z7DQR;
				INFOPLIST_FILE = "eggplant-brownieUITests/Info.plist";
				LD_RUNPATH_SEARCH_PATHS = (
					"$(inherited)",
					"@executable_path/Frameworks",
					"@loader_path/Frameworks",
				);
				PRODUCT_BUNDLE_IDENTIFIER = "br.com.patricksouza.eggplant-brownieUITests";
				PRODUCT_NAME = "$(TARGET_NAME)";
				SWIFT_VERSION = 4.2;
				TARGETED_DEVICE_FAMILY = "1,2";
				TEST_TARGET_NAME = "eggplant-brownie";
			};
			name = Release;
		};
/* End XCBuildConfiguration section */

/* Begin XCConfigurationList section */
		B5EB3E1B222CD22E00B665AF /* Build configuration list for PBXProject "eggplant-brownie" */ = {
			isa = XCConfigurationList;
			buildConfigurations = (
				B5EB3E49222CD23000B665AF /* Debug */,
				B5EB3E4A222CD23000B665AF /* Release */,
			);
			defaultConfigurationIsVisible = 0;
			defaultConfigurationName = Release;
		};
		B5EB3E4B222CD23000B665AF /* Build configuration list for PBXNativeTarget "eggplant-brownie" */ = {
			isa = XCConfigurationList;
			buildConfigurations = (
				B5EB3E4C222CD23000B665AF /* Debug */,
				B5EB3E4D222CD23000B665AF /* Release */,
			);
			defaultConfigurationIsVisible = 0;
			defaultConfigurationName = Release;
		};
		B5EB3E4E222CD23000B665AF /* Build configuration list for PBXNativeTarget "eggplant-brownieTests" */ = {
			isa = XCConfigurationList;
			buildConfigurations = (
				B5EB3E4F222CD23000B665AF /* Debug */,
				B5EB3E50222CD23000B665AF /* Release */,
			);
			defaultConfigurationIsVisible = 0;
			defaultConfigurationName = Release;
		};
		B5EB3E51222CD23000B665AF /* Build configuration list for PBXNativeTarget "eggplant-brownieUITests" */ = {
			isa = XCConfigurationList;
			buildConfigurations = (
				B5EB3E52222CD23000B665AF /* Debug */,
				B5EB3E53222CD23000B665AF /* Release */,
			);
			defaultConfigurationIsVisible = 0;
			defaultConfigurationName = Release;
		};
/* End XCConfigurationList section */

/* Begin XCVersionGroup section */
		B5EB3E2A222CD22E00B665AF /* eggplant_brownie.xcdatamodeld */ = {
			isa = XCVersionGroup;
			children = (
				B5EB3E2B222CD22E00B665AF /* eggplant_brownie.xcdatamodel */,
			);
			currentVersion = B5EB3E2B222CD22E00B665AF /* eggplant_brownie.xcdatamodel */;
			path = eggplant_brownie.xcdatamodeld;
			sourceTree = "<group>";
			versionGroupType = wrapper.xcdatamodel;
		};
/* End XCVersionGroup section */
	};
	rootObject = B5EB3E18222CD22E00B665AF /* Project object */;
}
